
Microsoft Visual Studio Solution File, Format Version 12.00
# Visual Studio Version 16
VisualStudioVersion = 25.0.1706.13
MinimumVisualStudioVersion = 10.0.40219.1
Project("{FAE04EC0-301F-11D3-BF4B-00C04F79EFBC}") = "ProjetWebBackend", "ProjetWebBackend.csproj", "{8BD1F264-67B6-4D6F-97A6-211ADC32461C}"
EndProject
Global
	GlobalSection(SolutionConfigurationPlatforms) = preSolution
		Debug|Any CPU = Debug|Any CPU
		Release|Any CPU = Release|Any CPU
	EndGlobalSection
	GlobalSection(ProjectConfigurationPlatforms) = postSolution
		{8BD1F264-67B6-4D6F-97A6-211ADC32461C}.Debug|Any CPU.ActiveCfg = Debug|Any CPU
		{8BD1F264-67B6-4D6F-97A6-211ADC32461C}.Debug|Any CPU.Build.0 = Debug|Any CPU
		{8BD1F264-67B6-4D6F-97A6-211ADC32461C}.Release|Any CPU.ActiveCfg = Release|Any CPU
		{8BD1F264-67B6-4D6F-97A6-211ADC32461C}.Release|Any CPU.Build.0 = Release|Any CPU
	EndGlobalSection
	GlobalSection(SolutionProperties) = preSolution
		HideSolutionNode = FALSE
	EndGlobalSection
	GlobalSection(ExtensibilityGlobals) = postSolution
		SolutionGuid = {A1E36826-E483-4E1B-8122-BD0A854AA0F7}
	EndGlobalSection
EndGlobal
